
Microsoft Visual Studio Solution File, Format Version 12.00
# Visual Studio Version 17
VisualStudioVersion = 17.3.32922.545
MinimumVisualStudioVersion = 10.0.40219.1
Project("{8BC9CEB8-8B4A-11D0-8D11-00A0C91BC942}") = "TestLab82", "TestLab82\TestLab82.vcxproj", "{DCA6E83E-E31A-4E95-A5E5-E6D32E6D8FC4}"
EndProject
Project("{8BC9CEB8-8B4A-11D0-8D11-00A0C91BC942}") = "UnitTest82u", "UnitTest82u\UnitTest82u.vcxproj", "{CA977635-7DB8-4C92-B84F-D8A6CCCE55E7}"
EndProject
Global
	GlobalSection(SolutionConfigurationPlatforms) = preSolution
		Debug|x64 = Debug|x64
		Debug|x86 = Debug|x86
		Release|x64 = Release|x64
		Release|x86 = Release|x86
	EndGlobalSection
	GlobalSection(ProjectConfigurationPlatforms) = postSolution
		{DCA6E83E-E31A-4E95-A5E5-E6D32E6D8FC4}.Debug|x64.ActiveCfg = Debug|x64
		{DCA6E83E-E31A-4E95-A5E5-E6D32E6D8FC4}.Debug|x64.Build.0 = Debug|x64
		{DCA6E83E-E31A-4E95-A5E5-E6D32E6D8FC4}.Debug|x86.ActiveCfg = Debug|Win32
		{DCA6E83E-E31A-4E95-A5E5-E6D32E6D8FC4}.Debug|x86.Build.0 = Debug|Win32
		{DCA6E83E-E31A-4E95-A5E5-E6D32E6D8FC4}.Release|x64.ActiveCfg = Release|x64
		{DCA6E83E-E31A-4E95-A5E5-E6D32E6D8FC4}.Release|x64.Build.0 = Release|x64
		{DCA6E83E-E31A-4E95-A5E5-E6D32E6D8FC4}.Release|x86.ActiveCfg = Release|Win32
		{DCA6E83E-E31A-4E95-A5E5-E6D32E6D8FC4}.Release|x86.Build.0 = Release|Win32
		{CA977635-7DB8-4C92-B84F-D8A6CCCE55E7}.Debug|x64.ActiveCfg = Debug|x64
		{CA977635-7DB8-4C92-B84F-D8A6CCCE55E7}.Debug|x64.Build.0 = Debug|x64
		{CA977635-7DB8-4C92-B84F-D8A6CCCE55E7}.Debug|x86.ActiveCfg = Debug|Win32
		{CA977635-7DB8-4C92-B84F-D8A6CCCE55E7}.Debug|x86.Build.0 = Debug|Win32
		{CA977635-7DB8-4C92-B84F-D8A6CCCE55E7}.Release|x64.ActiveCfg = Release|x64
		{CA977635-7DB8-4C92-B84F-D8A6CCCE55E7}.Release|x64.Build.0 = Release|x64
		{CA977635-7DB8-4C92-B84F-D8A6CCCE55E7}.Release|x86.ActiveCfg = Release|Win32
		{CA977635-7DB8-4C92-B84F-D8A6CCCE55E7}.Release|x86.Build.0 = Release|Win32
	EndGlobalSection
	GlobalSection(SolutionProperties) = preSolution
		HideSolutionNode = FALSE
	EndGlobalSection
	GlobalSection(ExtensibilityGlobals) = postSolution
		SolutionGuid = {D727BEA7-1855-42EB-8B80-DE58456C18C7}
	EndGlobalSection
EndGlobal
